
Microsoft Visual Studio Solution File, Format Version 12.00
# Visual Studio Version 17
VisualStudioVersion = 17.14.36518.9 d17.14
MinimumVisualStudioVersion = 10.0.40219.1
Project("{FAE04EC0-301F-11D3-BF4B-00C04F79EFBC}") = "Day07", "Day07\Day07.csproj", "{020D88F1-DC95-49C9-8F85-4812764363B8}"
EndProject
Project("{FAE04EC0-301F-11D3-BF4B-00C04F79EFBC}") = "z2", "z2\z2.csproj", "{23753882-76B8-4EA5-91DE-C31B2E519CF3}"
EndProject
Project("{FAE04EC0-301F-11D3-BF4B-00C04F79EFBC}") = "z3", "z3\z3.csproj", "{C4B57D53-7477-410F-A3B9-1CBBC8850C59}"
EndProject
Global
	GlobalSection(SolutionConfigurationPlatforms) = preSolution
		Debug|Any CPU = Debug|Any CPU
		Release|Any CPU = Release|Any CPU
	EndGlobalSection
	GlobalSection(ProjectConfigurationPlatforms) = postSolution
		{020D88F1-DC95-49C9-8F85-4812764363B8}.Debug|Any CPU.ActiveCfg = Debug|Any CPU
		{020D88F1-DC95-49C9-8F85-4812764363B8}.Debug|Any CPU.Build.0 = Debug|Any CPU
		{020D88F1-DC95-49C9-8F85-4812764363B8}.Release|Any CPU.ActiveCfg = Release|Any CPU
		{020D88F1-DC95-49C9-8F85-4812764363B8}.Release|Any CPU.Build.0 = Release|Any CPU
		{23753882-76B8-4EA5-91DE-C31B2E519CF3}.Debug|Any CPU.ActiveCfg = Debug|Any CPU
		{23753882-76B8-4EA5-91DE-C31B2E519CF3}.Debug|Any CPU.Build.0 = Debug|Any CPU
		{23753882-76B8-4EA5-91DE-C31B2E519CF3}.Release|Any CPU.ActiveCfg = Release|Any CPU
		{23753882-76B8-4EA5-91DE-C31B2E519CF3}.Release|Any CPU.Build.0 = Release|Any CPU
		{C4B57D53-7477-410F-A3B9-1CBBC8850C59}.Debug|Any CPU.ActiveCfg = Debug|Any CPU
		{C4B57D53-7477-410F-A3B9-1CBBC8850C59}.Debug|Any CPU.Build.0 = Debug|Any CPU
		{C4B57D53-7477-410F-A3B9-1CBBC8850C59}.Release|Any CPU.ActiveCfg = Release|Any CPU
		{C4B57D53-7477-410F-A3B9-1CBBC8850C59}.Release|Any CPU.Build.0 = Release|Any CPU
	EndGlobalSection
	GlobalSection(SolutionProperties) = preSolution
		HideSolutionNode = FALSE
	EndGlobalSection
	GlobalSection(ExtensibilityGlobals) = postSolution
		SolutionGuid = {3FD7C0F6-A184-403A-83C7-6C7244BBA2F6}
	EndGlobalSection
EndGlobal
