
Microsoft Visual Studio Solution File, Format Version 12.00
# Visual Studio Version 17
VisualStudioVersion = 17.14.36518.9 d17.14
MinimumVisualStudioVersion = 10.0.40219.1
Project("{FAE04EC0-301F-11D3-BF4B-00C04F79EFBC}") = "Day 01", "Day 01\Day 01.csproj", "{DA84F78D-92DC-4578-9256-01B4D5D34D88}"
EndProject
Project("{FAE04EC0-301F-11D3-BF4B-00C04F79EFBC}") = "z2", "z2\z2.csproj", "{AF70982A-D701-43FE-87CC-CDD303E9FFC3}"
EndProject
Project("{FAE04EC0-301F-11D3-BF4B-00C04F79EFBC}") = "z3", "z3\z3.csproj", "{ABA711E8-2693-4CD3-8733-006BDA48186A}"
EndProject
Project("{FAE04EC0-301F-11D3-BF4B-00C04F79EFBC}") = "z4", "z4\z4.csproj", "{C9B76B1D-A957-46EF-8B58-3B7ACC5F7BE2}"
EndProject
Project("{FAE04EC0-301F-11D3-BF4B-00C04F79EFBC}") = "z5", "z5\z5.csproj", "{2382877B-F084-4F14-9C3F-D64961B24F9F}"
EndProject
Project("{FAE04EC0-301F-11D3-BF4B-00C04F79EFBC}") = "z6", "z6\z6.csproj", "{2A055422-B941-4240-A09C-E92234C374FD}"
EndProject
Project("{FAE04EC0-301F-11D3-BF4B-00C04F79EFBC}") = "z7", "z7\z7.csproj", "{02D2E37C-8634-408F-A57C-190A880F0149}"
EndProject
Project("{FAE04EC0-301F-11D3-BF4B-00C04F79EFBC}") = "z8", "z8\z8.csproj", "{6ACB6D22-7FEE-425F-B61D-53F76CF1E7E9}"
EndProject
Project("{FAE04EC0-301F-11D3-BF4B-00C04F79EFBC}") = "z9", "z9\z9.csproj", "{3B0A7A0A-A4BD-4394-9011-7A94753DB849}"
EndProject
Project("{FAE04EC0-301F-11D3-BF4B-00C04F79EFBC}") = "z10", "z10\z10.csproj", "{1FF6D180-E2B8-4163-9B78-596F6B258026}"
EndProject
Global
	GlobalSection(SolutionConfigurationPlatforms) = preSolution
		Debug|Any CPU = Debug|Any CPU
		Release|Any CPU = Release|Any CPU
	EndGlobalSection
	GlobalSection(ProjectConfigurationPlatforms) = postSolution
		{DA84F78D-92DC-4578-9256-01B4D5D34D88}.Debug|Any CPU.ActiveCfg = Debug|Any CPU
		{DA84F78D-92DC-4578-9256-01B4D5D34D88}.Debug|Any CPU.Build.0 = Debug|Any CPU
		{DA84F78D-92DC-4578-9256-01B4D5D34D88}.Release|Any CPU.ActiveCfg = Release|Any CPU
		{DA84F78D-92DC-4578-9256-01B4D5D34D88}.Release|Any CPU.Build.0 = Release|Any CPU
		{AF70982A-D701-43FE-87CC-CDD303E9FFC3}.Debug|Any CPU.ActiveCfg = Debug|Any CPU
		{AF70982A-D701-43FE-87CC-CDD303E9FFC3}.Debug|Any CPU.Build.0 = Debug|Any CPU
		{AF70982A-D701-43FE-87CC-CDD303E9FFC3}.Release|Any CPU.ActiveCfg = Release|Any CPU
		{AF70982A-D701-43FE-87CC-CDD303E9FFC3}.Release|Any CPU.Build.0 = Release|Any CPU
		{ABA711E8-2693-4CD3-8733-006BDA48186A}.Debug|Any CPU.ActiveCfg = Debug|Any CPU
		{ABA711E8-2693-4CD3-8733-006BDA48186A}.Debug|Any CPU.Build.0 = Debug|Any CPU
		{ABA711E8-2693-4CD3-8733-006BDA48186A}.Release|Any CPU.ActiveCfg = Release|Any CPU
		{ABA711E8-2693-4CD3-8733-006BDA48186A}.Release|Any CPU.Build.0 = Release|Any CPU
		{C9B76B1D-A957-46EF-8B58-3B7ACC5F7BE2}.Debug|Any CPU.ActiveCfg = Debug|Any CPU
		{C9B76B1D-A957-46EF-8B58-3B7ACC5F7BE2}.Debug|Any CPU.Build.0 = Debug|Any CPU
		{C9B76B1D-A957-46EF-8B58-3B7ACC5F7BE2}.Release|Any CPU.ActiveCfg = Release|Any CPU
		{C9B76B1D-A957-46EF-8B58-3B7ACC5F7BE2}.Release|Any CPU.Build.0 = Release|Any CPU
		{2382877B-F084-4F14-9C3F-D64961B24F9F}.Debug|Any CPU.ActiveCfg = Debug|Any CPU
		{2382877B-F084-4F14-9C3F-D64961B24F9F}.Debug|Any CPU.Build.0 = Debug|Any CPU
		{2382877B-F084-4F14-9C3F-D64961B24F9F}.Release|Any CPU.ActiveCfg = Release|Any CPU
		{2382877B-F084-4F14-9C3F-D64961B24F9F}.Release|Any CPU.Build.0 = Release|Any CPU
		{2A055422-B941-4240-A09C-E92234C374FD}.Debug|Any CPU.ActiveCfg = Debug|Any CPU
		{2A055422-B941-4240-A09C-E92234C374FD}.Debug|Any CPU.Build.0 = Debug|Any CPU
		{2A055422-B941-4240-A09C-E92234C374FD}.Release|Any CPU.ActiveCfg = Release|Any CPU
		{2A055422-B941-4240-A09C-E92234C374FD}.Release|Any CPU.Build.0 = Release|Any CPU
		{02D2E37C-8634-408F-A57C-190A880F0149}.Debug|Any CPU.ActiveCfg = Debug|Any CPU
		{02D2E37C-8634-408F-A57C-190A880F0149}.Debug|Any CPU.Build.0 = Debug|Any CPU
		{02D2E37C-8634-408F-A57C-190A880F0149}.Release|Any CPU.ActiveCfg = Release|Any CPU
		{02D2E37C-8634-408F-A57C-190A880F0149}.Release|Any CPU.Build.0 = Release|Any CPU
		{6ACB6D22-7FEE-425F-B61D-53F76CF1E7E9}.Debug|Any CPU.ActiveCfg = Debug|Any CPU
		{6ACB6D22-7FEE-425F-B61D-53F76CF1E7E9}.Debug|Any CPU.Build.0 = Debug|Any CPU
		{6ACB6D22-7FEE-425F-B61D-53F76CF1E7E9}.Release|Any CPU.ActiveCfg = Release|Any CPU
		{6ACB6D22-7FEE-425F-B61D-53F76CF1E7E9}.Release|Any CPU.Build.0 = Release|Any CPU
		{3B0A7A0A-A4BD-4394-9011-7A94753DB849}.Debug|Any CPU.ActiveCfg = Debug|Any CPU
		{3B0A7A0A-A4BD-4394-9011-7A94753DB849}.Debug|Any CPU.Build.0 = Debug|Any CPU
		{3B0A7A0A-A4BD-4394-9011-7A94753DB849}.Release|Any CPU.ActiveCfg = Release|Any CPU
		{3B0A7A0A-A4BD-4394-9011-7A94753DB849}.Release|Any CPU.Build.0 = Release|Any CPU
		{1FF6D180-E2B8-4163-9B78-596F6B258026}.Debug|Any CPU.ActiveCfg = Debug|Any CPU
		{1FF6D180-E2B8-4163-9B78-596F6B258026}.Debug|Any CPU.Build.0 = Debug|Any CPU
		{1FF6D180-E2B8-4163-9B78-596F6B258026}.Release|Any CPU.ActiveCfg = Release|Any CPU
		{1FF6D180-E2B8-4163-9B78-596F6B258026}.Release|Any CPU.Build.0 = Release|Any CPU
	EndGlobalSection
	GlobalSection(SolutionProperties) = preSolution
		HideSolutionNode = FALSE
	EndGlobalSection
	GlobalSection(ExtensibilityGlobals) = postSolution
		SolutionGuid = {6880CE39-6F5E-4988-B237-FF5AD2E38004}
	EndGlobalSection
EndGlobal
