
Microsoft Visual Studio Solution File, Format Version 12.00
# Visual Studio Version 17
VisualStudioVersion = 17.14.36518.9 d17.14
MinimumVisualStudioVersion = 10.0.40219.1
Project("{FAE04EC0-301F-11D3-BF4B-00C04F79EFBC}") = "Day09", "Day09\Day09.csproj", "{50ADFA40-5F46-4548-B127-3007FC397435}"
EndProject
Project("{FAE04EC0-301F-11D3-BF4B-00C04F79EFBC}") = "z2", "z2\z2.csproj", "{2B0CDAAF-4083-4D55-B24A-375987E1DE60}"
EndProject
Project("{FAE04EC0-301F-11D3-BF4B-00C04F79EFBC}") = "z3", "z3\z3.csproj", "{C91A9691-33F8-4818-AFBF-94EF1181DE1E}"
EndProject
Project("{FAE04EC0-301F-11D3-BF4B-00C04F79EFBC}") = "z4", "z4\z4.csproj", "{3E178244-1F42-439D-9506-AD1E50BB02A1}"
EndProject
Global
	GlobalSection(SolutionConfigurationPlatforms) = preSolution
		Debug|Any CPU = Debug|Any CPU
		Release|Any CPU = Release|Any CPU
	EndGlobalSection
	GlobalSection(ProjectConfigurationPlatforms) = postSolution
		{50ADFA40-5F46-4548-B127-3007FC397435}.Debug|Any CPU.ActiveCfg = Debug|Any CPU
		{50ADFA40-5F46-4548-B127-3007FC397435}.Debug|Any CPU.Build.0 = Debug|Any CPU
		{50ADFA40-5F46-4548-B127-3007FC397435}.Release|Any CPU.ActiveCfg = Release|Any CPU
		{50ADFA40-5F46-4548-B127-3007FC397435}.Release|Any CPU.Build.0 = Release|Any CPU
		{2B0CDAAF-4083-4D55-B24A-375987E1DE60}.Debug|Any CPU.ActiveCfg = Debug|Any CPU
		{2B0CDAAF-4083-4D55-B24A-375987E1DE60}.Debug|Any CPU.Build.0 = Debug|Any CPU
		{2B0CDAAF-4083-4D55-B24A-375987E1DE60}.Release|Any CPU.ActiveCfg = Release|Any CPU
		{2B0CDAAF-4083-4D55-B24A-375987E1DE60}.Release|Any CPU.Build.0 = Release|Any CPU
		{C91A9691-33F8-4818-AFBF-94EF1181DE1E}.Debug|Any CPU.ActiveCfg = Debug|Any CPU
		{C91A9691-33F8-4818-AFBF-94EF1181DE1E}.Debug|Any CPU.Build.0 = Debug|Any CPU
		{C91A9691-33F8-4818-AFBF-94EF1181DE1E}.Release|Any CPU.ActiveCfg = Release|Any CPU
		{C91A9691-33F8-4818-AFBF-94EF1181DE1E}.Release|Any CPU.Build.0 = Release|Any CPU
		{3E178244-1F42-439D-9506-AD1E50BB02A1}.Debug|Any CPU.ActiveCfg = Debug|Any CPU
		{3E178244-1F42-439D-9506-AD1E50BB02A1}.Debug|Any CPU.Build.0 = Debug|Any CPU
		{3E178244-1F42-439D-9506-AD1E50BB02A1}.Release|Any CPU.ActiveCfg = Release|Any CPU
		{3E178244-1F42-439D-9506-AD1E50BB02A1}.Release|Any CPU.Build.0 = Release|Any CPU
	EndGlobalSection
	GlobalSection(SolutionProperties) = preSolution
		HideSolutionNode = FALSE
	EndGlobalSection
	GlobalSection(ExtensibilityGlobals) = postSolution
		SolutionGuid = {1ADBD952-B866-4387-9B0D-10518643AAD1}
	EndGlobalSection
EndGlobal
